
Microsoft Visual Studio Solution File, Format Version 12.00
# Visual Studio 15
VisualStudioVersion = 15.0.27428.1
MinimumVisualStudioVersion = 10.0.40219.1
Project("{FAE04EC0-301F-11D3-BF4B-00C04F79EFBC}") = "RandomList.Core", "RandomList.Core\RandomList.Core.csproj", "{D700CFE9-7EAA-4583-939D-575AE11F6313}"
EndProject
Global
	GlobalSection(SolutionConfigurationPlatforms) = preSolution
		Debug|Any CPU = Debug|Any CPU
		Release|Any CPU = Release|Any CPU
	EndGlobalSection
	GlobalSection(ProjectConfigurationPlatforms) = postSolution
		{D700CFE9-7EAA-4583-939D-575AE11F6313}.Debug|Any CPU.ActiveCfg = Debug|Any CPU
		{D700CFE9-7EAA-4583-939D-575AE11F6313}.Debug|Any CPU.Build.0 = Debug|Any CPU
		{D700CFE9-7EAA-4583-939D-575AE11F6313}.Release|Any CPU.ActiveCfg = Release|Any CPU
		{D700CFE9-7EAA-4583-939D-575AE11F6313}.Release|Any CPU.Build.0 = Release|Any CPU
	EndGlobalSection
	GlobalSection(SolutionProperties) = preSolution
		HideSolutionNode = FALSE
	EndGlobalSection
	GlobalSection(ExtensibilityGlobals) = postSolution
		SolutionGuid = {395C9910-8C38-49B6-87A0-C8468BB7BDB9}
	EndGlobalSection
EndGlobal
